# This file is generated by running "yarn install" inside your project.
# Manual changes might be lost - proceed with caution!

__metadata:
  version: 6
  cacheKey: 8

"check-types@npm:^5.1.0":
  version: 5.1.0
  resolution: "check-types@npm:5.1.0"
  checksum: a78a60f9ffd46b8843aa495a3af4b1cbd5668be7ba0cda9d8a0a34bbd06dc52bd58f13efa6abccd691e9d8ccb68b7745243f5bac0db17cc58568e6c4c2f3bc78
  languageName: node
  linkType: hard

"commander@npm:^10.0.0":
  version: 10.0.0
  resolution: "commander@npm:10.0.0"
  checksum: 9f6495651f878213005ac744dd87a85fa3d9f2b8b90d1c19d0866d666bda7f735adfd7c2f10dfff345782e2f80ea258f98bb4efcef58e4e502f25f883940acfd
  languageName: node
  linkType: hard

"escomplex@npm:^2.0.0-alpha":
  version: 2.0.0-alpha
  resolution: "escomplex@npm:2.0.0-alpha"
  dependencies:
    check-types: ^5.1.0
  checksum: 488969fb6453581f4889dd5c30db0bbc946463a8d3644285d8d17f3add290a1092bd601400f52d228fc8e435e431664b1ccac9d2ccb9d120d7fc0ebce794a4a6
  languageName: node
  linkType: hard

"estautomate@workspace:.":
  version: 0.0.0-use.local
  resolution: "estautomate@workspace:."
  dependencies:
    commander: ^10.0.0
    escomplex: ^2.0.0-alpha
    ts-complex: ^1.0.0
  bin:
    estautomate: src/index.js
  languageName: unknown
  linkType: soft

"lodash@npm:^4.17.10":
  version: 4.17.21
  resolution: "lodash@npm:4.17.21"
  checksum: eb835a2e51d381e561e508ce932ea50a8e5a68f4ebdd771ea240d3048244a8d13658acbd502cd4829768c56f2e16bdd4340b9ea141297d472517b83868e677f7
  languageName: node
  linkType: hard

"ts-complex@npm:^1.0.0":
  version: 1.0.0
  resolution: "ts-complex@npm:1.0.0"
  dependencies:
    lodash: ^4.17.10
    tsutils: ^2.27.1
    typescript: ^2.8.3
  checksum: fe49dd61ec338e11943192ff47989cdc6b37a416672063bf99e8f8542c088f27fb6f06b3afa240f13007343ea1730cc926f97b57924228c1ca8881bcaf74886b
  languageName: node
  linkType: hard

"tslib@npm:^1.8.1":
  version: 1.14.1
  resolution: "tslib@npm:1.14.1"
  checksum: dbe628ef87f66691d5d2959b3e41b9ca0045c3ee3c7c7b906cc1e328b39f199bb1ad9e671c39025bd56122ac57dfbf7385a94843b1cc07c60a4db74795829acd
  languageName: node
  linkType: hard

"tsutils@npm:^2.27.1":
  version: 2.29.0
  resolution: "tsutils@npm:2.29.0"
  dependencies:
    tslib: ^1.8.1
  peerDependencies:
    typescript: ">=2.1.0 || >=2.1.0-dev || >=2.2.0-dev || >=2.3.0-dev || >=2.4.0-dev || >=2.5.0-dev || >=2.6.0-dev || >=2.7.0-dev || >=2.8.0-dev || >=2.9.0-dev || >= 3.0.0-dev || >= 3.1.0-dev"
  checksum: 5d681bab79979e3b4d61dd0d1e6c1dd6a79b5608cf8dec5a5ee599ac8b5921107870bcf037140b8dce85a479df78aee0ffa61c1b3d8e5660748af36551946616
  languageName: node
  linkType: hard

"typescript@npm:^2.8.3":
  version: 2.9.2
  resolution: "typescript@npm:2.9.2"
  bin:
    tsc: ./bin/tsc
    tsserver: ./bin/tsserver
  checksum: 88be998ac339b6e45f1cd15e22e4a0fedcdb5320d8d1d736e3996a0b9dff03728ebb2580a0658f0c52152b139ea9a405443f42a4ff8a2c4a1a6f4d58e0320132
  languageName: node
  linkType: hard

"typescript@patch:typescript@^2.8.3#~builtin<compat/typescript>":
  version: 2.9.2
  resolution: "typescript@patch:typescript@npm%3A2.9.2#~builtin<compat/typescript>::version=2.9.2&hash=a1c5e5"
  bin:
    tsc: ./bin/tsc
    tsserver: ./bin/tsserver
  checksum: 8e4b4eceecd9c4c0d45a74e49d715eb7b12e0d4a12768b70681c9a81a7c2a335f15fe14c78dddda73c90f9ebb5ddac0b2e33c12df606c7d46f7e7829326cc653
  languageName: node
  linkType: hard
